NeoBundleLock JavaScript-Indent 8e9aa08189d420d9384f38a11ea89a0bff846e6d
NeoBundleLock YouCompleteMe b1c701afef8616c0c90873f8a7cf52aa96c282fb
NeoBundleLock ack.vim 6a57bc0a5877800b5621f6ade5006e58eb582845
NeoBundleLock bufexplorer 3dea4bb053b39f299fb94ff193d6f5a4e5d47ee8
NeoBundleLock ctrlp.vim b5d3fe66a58a13d2ff8b6391f4387608496a030f
NeoBundleLock delimitMate c78a6e6d937333fed276bddc4589f6313e277a8e
NeoBundleLock neobundle.vim da586948ea027442d6c1b724e3b8c0937e224454
NeoBundleLock nerdcommenter 6549cfde45339bd4f711504196ff3e8b766ef5e6
NeoBundleLock nerdtree 3b98a7fcae8f9fff356907171f0406ff8cd28921
NeoBundleLock smartpairs.vim 5ebca35fe4d69e4fbee8a6092e204a1ecd8d1bf3
NeoBundleLock tern_for_vim c677b663adc1e34f4419c70f278dc78d017e673b
NeoBundleLock vim-airline f45ecdac15d99ed2354873a8b4d40432fd0a85a3
NeoBundleLock vim-colors-solarized 528a59f26d12278698bb946f8fb82a63711eec21
NeoBundleLock vim-easymotion 8acdfc60e58bb0600ded42a4f752bec6e3b6d882
NeoBundleLock vim-gitgutter f7ea5f40a680797b0ad8d78ec972e32cf17e63c7
NeoBundleLock vim-javascript 8a409f7fd89de746296a92218183dc69fb6e3d93
NeoBundleLock vim-javascript-syntax 82cb62c8982c825eaeeefe84a7a77cb86e33a242
NeoBundleLock vim-multiple-cursors bf8c1db5908beb89194c072f95b88543acc59c73
NeoBundleLock vim-tmux-navigator 928a52fbda90ec70b2eb6edaf570654df4521af0
